// !$*UTF8*$!
{
	archiveVersion = 1;
	classes = {
	};
	objectVersion = 48;
	objects = {

/* Begin PBXBuildFile section */
		8310AECC1F6868A7006B3480 /* DownloadAlPlacesInteractorNSUrlSession.swift in Sources */ = {isa = PBXBuildFile; fileRef = 8310AECB1F6868A7006B3480 /* DownloadAlPlacesInteractorNSUrlSession.swift */; };
		8310AECE1F6872B4006B3480 /* PlaceDetailViewController.swift in Sources */ = {isa = PBXBuildFile; fileRef = 8310AECD1F6872B4006B3480 /* PlaceDetailViewController.swift */; };
		831CFC1B1F6ED9B300B4A1C1 /* CoreData.framework in Frameworks */ = {isa = PBXBuildFile; fileRef = 831CFC1A1F6ED9B300B4A1C1 /* CoreData.framework */; };
		831CFC1E1F6ED9F700B4A1C1 /* MadridShops.xcdatamodeld in Sources */ = {isa = PBXBuildFile; fileRef = 831CFC1C1F6ED9F700B4A1C1 /* MadridShops.xcdatamodeld */; };
		831CFCFE1F6EDBCB00B4A1C1 /* CoreDataStack.swift in Sources */ = {isa = PBXBuildFile; fileRef = 831CFCFD1F6EDBCB00B4A1C1 /* CoreDataStack.swift */; };
		831CFD011F6EECD200B4A1C1 /* SaveAllPlacesInteractor.swift in Sources */ = {isa = PBXBuildFile; fileRef = 831CFD001F6EECD200B4A1C1 /* SaveAllPlacesInteractor.swift */; };
		831CFD031F6EED9A00B4A1C1 /* SaveAllPlacesInteractorImpl.swift in Sources */ = {isa = PBXBuildFile; fileRef = 831CFD021F6EED9A00B4A1C1 /* SaveAllPlacesInteractorImpl.swift */; };
		831CFD051F6EEF7000B4A1C1 /* NSManagedContext+Save.swift in Sources */ = {isa = PBXBuildFile; fileRef = 831CFD041F6EEF7000B4A1C1 /* NSManagedContext+Save.swift */; };
		831F763F1F659E4300DA0656 /* AppDelegate.swift in Sources */ = {isa = PBXBuildFile; fileRef = 831F763E1F659E4300DA0656 /* AppDelegate.swift */; };
		831F76411F659E4300DA0656 /* PlacesViewController.swift in Sources */ = {isa = PBXBuildFile; fileRef = 831F76401F659E4300DA0656 /* PlacesViewController.swift */; };
		831F76441F659E4400DA0656 /* Main.storyboard in Resources */ = {isa = PBXBuildFile; fileRef = 831F76421F659E4400DA0656 /* Main.storyboard */; };
		831F76461F659E4400DA0656 /* Assets.xcassets in Resources */ = {isa = PBXBuildFile; fileRef = 831F76451F659E4400DA0656 /* Assets.xcassets */; };
		831F76491F659E4400DA0656 /* LaunchScreen.storyboard in Resources */ = {isa = PBXBuildFile; fileRef = 831F76471F659E4400DA0656 /* LaunchScreen.storyboard */; };
		833E50ED1F673CBF000F83F7 /* DownloadPlacesInteractorNSOpImpl.swift in Sources */ = {isa = PBXBuildFile; fileRef = 833E50EC1F673CBF000F83F7 /* DownloadPlacesInteractorNSOpImpl.swift */; };
		834AA7061F65B1A200659D88 /* DownloadAllPlacesInteractor.swift in Sources */ = {isa = PBXBuildFile; fileRef = 834AA7051F65B1A200659D88 /* DownloadAllPlacesInteractor.swift */; };
		834AA7081F65B6AA00659D88 /* DownloadAllPlacesInteractorFakeImpl.swift in Sources */ = {isa = PBXBuildFile; fileRef = 834AA7071F65B6AA00659D88 /* DownloadAllPlacesInteractorFakeImpl.swift */; };
		834AA70A1F65B6CF00659D88 /* TypeAlias.swift in Sources */ = {isa = PBXBuildFile; fileRef = 834AA7091F65B6CF00659D88 /* TypeAlias.swift */; };
		834AA70D1F65CB4B00659D88 /* MapKit.framework in Frameworks */ = {isa = PBXBuildFile; fileRef = 834AA70C1F65CB4B00659D88 /* MapKit.framework */; };
		834AA70F1F65CCC000659D88 /* PlacesViewController+CollectionViewController.swift in Sources */ = {isa = PBXBuildFile; fileRef = 834AA70E1F65CCC000659D88 /* PlacesViewController+CollectionViewController.swift */; };
		83525D161F65D3E000DC5BFC /* PlaceCollectionViewCell.swift in Sources */ = {isa = PBXBuildFile; fileRef = 83525D151F65D3E000DC5BFC /* PlaceCollectionViewCell.swift */; };
		839C10631F699A8000414078 /* JSONParser.swift in Sources */ = {isa = PBXBuildFile; fileRef = 839C10621F699A7E00414078 /* JSONParser.swift */; };
		839C10661F699AE900414078 /* String+Image.swift in Sources */ = {isa = PBXBuildFile; fileRef = 839C10651F699AE900414078 /* String+Image.swift */; };
		83A641161F671E43004D81AE /* MainViewController.swift in Sources */ = {isa = PBXBuildFile; fileRef = 83A641151F671E43004D81AE /* MainViewController.swift */; };
		83AE92651F77F04100674922 /* Annotation.swift in Sources */ = {isa = PBXBuildFile; fileRef = 83AE92641F77F04100674922 /* Annotation.swift */; };
		83B8FD4E1F70539800F3322D /* PlaceMapper.swift in Sources */ = {isa = PBXBuildFile; fileRef = 83B8FD4D1F70539800F3322D /* PlaceMapper.swift */; };
		83B8FD501F70615300F3322D /* ExecuteOnceInteractor.swift in Sources */ = {isa = PBXBuildFile; fileRef = 83B8FD4F1F70615300F3322D /* ExecuteOnceInteractor.swift */; };
		83B8FD521F70620400F3322D /* SetExecutedOnceInteractor.swift in Sources */ = {isa = PBXBuildFile; fileRef = 83B8FD511F70620400F3322D /* SetExecutedOnceInteractor.swift */; };
		83B8FD551F7068C300F3322D /* SetExecutedOnceInteractorImpl.swift in Sources */ = {isa = PBXBuildFile; fileRef = 83B8FD541F7068C300F3322D /* SetExecutedOnceInteractorImpl.swift */; };
		83B8FD571F7069D600F3322D /* ExecuteOnceInteractorImpl.swift in Sources */ = {isa = PBXBuildFile; fileRef = 83B8FD561F7069D600F3322D /* ExecuteOnceInteractorImpl.swift */; };
		83BB1DBE1F78114700666746 /* PlacesViewController+MapKit.swift in Sources */ = {isa = PBXBuildFile; fileRef = 83BB1DBD1F78114700666746 /* PlacesViewController+MapKit.swift */; };
		83DA96581F65A2C400F64C65 /* Place.swift in Sources */ = {isa = PBXBuildFile; fileRef = 83DA96571F65A2C400F64C65 /* Place.swift */; };
		83DA965A1F65A4C600F64C65 /* Places.swift in Sources */ = {isa = PBXBuildFile; fileRef = 83DA96591F65A4C600F64C65 /* Places.swift */; };
		83DA965D1F65AA9E00F64C65 /* ShopsTests.swift in Sources */ = {isa = PBXBuildFile; fileRef = 83DA965C1F65AA9E00F64C65 /* ShopsTests.swift */; };
		83DB2DC91F7C0DAB00C86383 /* LocalizeStrings.strings in Resources */ = {isa = PBXBuildFile; fileRef = 83DB2DCB1F7C0DAB00C86383 /* LocalizeStrings.strings */; };
		83DB2DCE1F7FB6CA00C86383 /* ImageFromLocation.swift in Sources */ = {isa = PBXBuildFile; fileRef = 83DB2DCD1F7FB6CA00C86383 /* ImageFromLocation.swift */; };
/* End PBXBuildFile section */

/* Begin PBXContainerItemProxy section */
		831F76501F659E4500DA0656 /* PBXContainerItemProxy */ = {
			isa = PBXContainerItemProxy;
			containerPortal = 831F76331F659E4300DA0656 /* Project object */;
			proxyType = 1;
			remoteGlobalIDString = 831F763A1F659E4300DA0656;
			remoteInfo = MadridShops;
		};
/* End PBXContainerItemProxy section */

/* Begin PBXFileReference section */
		8310AECB1F6868A7006B3480 /* DownloadAlPlacesInteractorNSUrlSession.swift */ = {isa = PBXFileReference; lastKnownFileType = sourcecode.swift; path = DownloadAlPlacesInteractorNSUrlSession.swift; sourceTree = "<group>"; };
		8310AECD1F6872B4006B3480 /* PlaceDetailViewController.swift */ = {isa = PBXFileReference; lastKnownFileType = sourcecode.swift; path = PlaceDetailViewController.swift; sourceTree = "<group>"; };
		831CFC1A1F6ED9B300B4A1C1 /* CoreData.framework */ = {isa = PBXFileReference; lastKnownFileType = wrapper.framework; name = CoreData.framework; path = System/Library/Frameworks/CoreData.framework; sourceTree = SDKROOT; };
		831CFC1D1F6ED9F700B4A1C1 /* MadridShops.xcdatamodel */ = {isa = PBXFileReference; lastKnownFileType = wrapper.xcdatamodel; path = MadridShops.xcdatamodel; sourceTree = "<group>"; };
		831CFCFD1F6EDBCB00B4A1C1 /* CoreDataStack.swift */ = {isa = PBXFileReference; fileEncoding = 4; lastKnownFileType = sourcecode.swift; path = CoreDataStack.swift; sourceTree = "<group>"; };
		831CFD001F6EECD200B4A1C1 /* SaveAllPlacesInteractor.swift */ = {isa = PBXFileReference; lastKnownFileType = sourcecode.swift; path = SaveAllPlacesInteractor.swift; sourceTree = "<group>"; };
		831CFD021F6EED9A00B4A1C1 /* SaveAllPlacesInteractorImpl.swift */ = {isa = PBXFileReference; lastKnownFileType = sourcecode.swift; path = SaveAllPlacesInteractorImpl.swift; sourceTree = "<group>"; };
		831CFD041F6EEF7000B4A1C1 /* NSManagedContext+Save.swift */ = {isa = PBXFileReference; lastKnownFileType = sourcecode.swift; path = "NSManagedContext+Save.swift"; sourceTree = "<group>"; };
		831F763B1F659E4300DA0656 /* MadridShops.app */ = {isa = PBXFileReference; explicitFileType = wrapper.application; includeInIndex = 0; path = MadridShops.app; sourceTree = BUILT_PRODUCTS_DIR; };
		831F763E1F659E4300DA0656 /* AppDelegate.swift */ = {isa = PBXFileReference; lastKnownFileType = sourcecode.swift; path = AppDelegate.swift; sourceTree = "<group>"; };
		831F76401F659E4300DA0656 /* PlacesViewController.swift */ = {isa = PBXFileReference; lastKnownFileType = sourcecode.swift; path = PlacesViewController.swift; sourceTree = "<group>"; };
		831F76431F659E4400DA0656 /* Base */ = {isa = PBXFileReference; lastKnownFileType = file.storyboard; name = Base; path = Base.lproj/Main.storyboard; sourceTree = "<group>"; };
		831F76451F659E4400DA0656 /* Assets.xcassets */ = {isa = PBXFileReference; lastKnownFileType = folder.assetcatalog; path = Assets.xcassets; sourceTree = "<group>"; };
		831F76481F659E4400DA0656 /* Base */ = {isa = PBXFileReference; lastKnownFileType = file.storyboard; name = Base; path = Base.lproj/LaunchScreen.storyboard; sourceTree = "<group>"; };
		831F764A1F659E4500DA0656 /* Info.plist */ = {isa = PBXFileReference; lastKnownFileType = text.plist.xml; path = Info.plist; sourceTree = "<group>"; };
		831F764F1F659E4500DA0656 /* MadridShopsTests.xctest */ = {isa = PBXFileReference; explicitFileType = wrapper.cfbundle; includeInIndex = 0; path = MadridShopsTests.xctest; sourceTree = BUILT_PRODUCTS_DIR; };
		831F76551F659E4500DA0656 /* Info.plist */ = {isa = PBXFileReference; lastKnownFileType = text.plist.xml; path = Info.plist; sourceTree = "<group>"; };
		833E50EC1F673CBF000F83F7 /* DownloadPlacesInteractorNSOpImpl.swift */ = {isa = PBXFileReference; lastKnownFileType = sourcecode.swift; path = DownloadPlacesInteractorNSOpImpl.swift; sourceTree = "<group>"; };
		834AA7051F65B1A200659D88 /* DownloadAllPlacesInteractor.swift */ = {isa = PBXFileReference; lastKnownFileType = sourcecode.swift; path = DownloadAllPlacesInteractor.swift; sourceTree = "<group>"; };
		834AA7071F65B6AA00659D88 /* DownloadAllPlacesInteractorFakeImpl.swift */ = {isa = PBXFileReference; lastKnownFileType = sourcecode.swift; path = DownloadAllPlacesInteractorFakeImpl.swift; sourceTree = "<group>"; };
		834AA7091F65B6CF00659D88 /* TypeAlias.swift */ = {isa = PBXFileReference; lastKnownFileType = sourcecode.swift; path = TypeAlias.swift; sourceTree = "<group>"; };
		834AA70C1F65CB4B00659D88 /* MapKit.framework */ = {isa = PBXFileReference; lastKnownFileType = wrapper.framework; name = MapKit.framework; path = System/Library/Frameworks/MapKit.framework; sourceTree = SDKROOT; };
		834AA70E1F65CCC000659D88 /* PlacesViewController+CollectionViewController.swift */ = {isa = PBXFileReference; lastKnownFileType = sourcecode.swift; path = "PlacesViewController+CollectionViewController.swift"; sourceTree = "<group>"; };
		83525D151F65D3E000DC5BFC /* PlaceCollectionViewCell.swift */ = {isa = PBXFileReference; lastKnownFileType = sourcecode.swift; name = PlaceCollectionViewCell.swift; path = MadridShops/Controllers/PlaceCollectionViewCell.swift; sourceTree = SOURCE_ROOT; };
		839C10621F699A7E00414078 /* JSONParser.swift */ = {isa = PBXFileReference; fileEncoding = 4; lastKnownFileType = sourcecode.swift; path = JSONParser.swift; sourceTree = "<group>"; };
		839C10651F699AE900414078 /* String+Image.swift */ = {isa = PBXFileReference; lastKnownFileType = sourcecode.swift; path = "String+Image.swift"; sourceTree = "<group>"; };
		83A641151F671E43004D81AE /* MainViewController.swift */ = {isa = PBXFileReference; lastKnownFileType = sourcecode.swift; path = MainViewController.swift; sourceTree = "<group>"; };
		83AE92641F77F04100674922 /* Annotation.swift */ = {isa = PBXFileReference; lastKnownFileType = sourcecode.swift; path = Annotation.swift; sourceTree = "<group>"; };
		83AE92661F78068D00674922 /* tienda.png */ = {isa = PBXFileReference; lastKnownFileType = image.png; path = tienda.png; sourceTree = "<group>"; };
		83AE92671F78068E00674922 /* tienda_ico.png */ = {isa = PBXFileReference; lastKnownFileType = image.png; path = tienda_ico.png; sourceTree = "<group>"; };
		83B8FD4D1F70539800F3322D /* PlaceMapper.swift */ = {isa = PBXFileReference; lastKnownFileType = sourcecode.swift; path = PlaceMapper.swift; sourceTree = "<group>"; };
		83B8FD4F1F70615300F3322D /* ExecuteOnceInteractor.swift */ = {isa = PBXFileReference; lastKnownFileType = sourcecode.swift; path = ExecuteOnceInteractor.swift; sourceTree = "<group>"; };
		83B8FD511F70620400F3322D /* SetExecutedOnceInteractor.swift */ = {isa = PBXFileReference; lastKnownFileType = sourcecode.swift; path = SetExecutedOnceInteractor.swift; sourceTree = "<group>"; };
		83B8FD541F7068C300F3322D /* SetExecutedOnceInteractorImpl.swift */ = {isa = PBXFileReference; lastKnownFileType = sourcecode.swift; path = SetExecutedOnceInteractorImpl.swift; sourceTree = "<group>"; };
		83B8FD561F7069D600F3322D /* ExecuteOnceInteractorImpl.swift */ = {isa = PBXFileReference; lastKnownFileType = sourcecode.swift; path = ExecuteOnceInteractorImpl.swift; sourceTree = "<group>"; };
		83BB1DBD1F78114700666746 /* PlacesViewController+MapKit.swift */ = {isa = PBXFileReference; lastKnownFileType = sourcecode.swift; path = "PlacesViewController+MapKit.swift"; sourceTree = "<group>"; };
		83DA96571F65A2C400F64C65 /* Place.swift */ = {isa = PBXFileReference; lastKnownFileType = sourcecode.swift; path = Place.swift; sourceTree = "<group>"; };
		83DA96591F65A4C600F64C65 /* Places.swift */ = {isa = PBXFileReference; lastKnownFileType = sourcecode.swift; path = Places.swift; sourceTree = "<group>"; };
		83DA965B1F65AA9D00F64C65 /* MadridShopsTests-Bridging-Header.h */ = {isa = PBXFileReference; lastKnownFileType = sourcecode.c.h; path = "MadridShopsTests-Bridging-Header.h"; sourceTree = "<group>"; };
		83DA965C1F65AA9E00F64C65 /* ShopsTests.swift */ = {isa = PBXFileReference; lastKnownFileType = sourcecode.swift; path = ShopsTests.swift; sourceTree = "<group>"; };
		83DB2DC51F7C0C6D00C86383 /* es */ = {isa = PBXFileReference; lastKnownFileType = text.plist.strings; name = es; path = es.lproj/Main.strings; sourceTree = "<group>"; };
		83DB2DC61F7C0C6D00C86383 /* es */ = {isa = PBXFileReference; lastKnownFileType = text.plist.strings; name = es; path = es.lproj/LaunchScreen.strings; sourceTree = "<group>"; };
		83DB2DCC1F7C0DB300C86383 /* es */ = {isa = PBXFileReference; lastKnownFileType = text.plist.strings; name = es; path = es.lproj/LocalizeStrings.strings; sourceTree = "<group>"; };
		83DB2DCD1F7FB6CA00C86383 /* ImageFromLocation.swift */ = {isa = PBXFileReference; lastKnownFileType = sourcecode.swift; path = ImageFromLocation.swift; sourceTree = "<group>"; };
/* End PBXFileReference section */

/* Begin PBXFrameworksBuildPhase section */
		831F76381F659E4300DA0656 /* Frameworks */ = {
			isa = PBXFrameworksBuildPhase;
			buildActionMask = 2147483647;
			files = (
				831CFC1B1F6ED9B300B4A1C1 /* CoreData.framework in Frameworks */,
				834AA70D1F65CB4B00659D88 /* MapKit.framework in Frameworks */,
			);
			runOnlyForDeploymentPostprocessing = 0;
		};
		831F764C1F659E4500DA0656 /* Frameworks */ = {
			isa = PBXFrameworksBuildPhase;
			buildActionMask = 2147483647;
			files = (
			);
			runOnlyForDeploymentPostprocessing = 0;
		};
/* End PBXFrameworksBuildPhase section */

/* Begin PBXGroup section */
		831CFCFF1F6EEC6600B4A1C1 /* CacheInteractors */ = {
			isa = PBXGroup;
			children = (
				831CFD001F6EECD200B4A1C1 /* SaveAllPlacesInteractor.swift */,
				831CFD021F6EED9A00B4A1C1 /* SaveAllPlacesInteractorImpl.swift */,
			);
			path = CacheInteractors;
			sourceTree = "<group>";
		};
		831F76321F659E4300DA0656 = {
			isa = PBXGroup;
			children = (
				831F763D1F659E4300DA0656 /* MadridShops */,
				831F76521F659E4500DA0656 /* MadridShopsTests */,
				831F763C1F659E4300DA0656 /* Products */,
				834AA70B1F65CB4B00659D88 /* Frameworks */,
			);
			sourceTree = "<group>";
		};
		831F763C1F659E4300DA0656 /* Products */ = {
			isa = PBXGroup;
			children = (
				831F763B1F659E4300DA0656 /* MadridShops.app */,
				831F764F1F659E4500DA0656 /* MadridShopsTests.xctest */,
			);
			name = Products;
			sourceTree = "<group>";
		};
		831F763D1F659E4300DA0656 /* MadridShops */ = {
			isa = PBXGroup;
			children = (
				831F763E1F659E4300DA0656 /* AppDelegate.swift */,
				839C10641F699AA700414078 /* Util */,
				83DA96561F65A0D200F64C65 /* Assets */,
				83DA96531F65A08500F64C65 /* Models */,
				83DA96551F65A09D00F64C65 /* Views */,
				83DA96541F65A08E00F64C65 /* Controllers */,
				831F764A1F659E4500DA0656 /* Info.plist */,
				83DB2DCB1F7C0DAB00C86383 /* LocalizeStrings.strings */,
			);
			path = MadridShops;
			sourceTree = "<group>";
		};
		831F76521F659E4500DA0656 /* MadridShopsTests */ = {
			isa = PBXGroup;
			children = (
				831F76551F659E4500DA0656 /* Info.plist */,
				83DA965C1F65AA9E00F64C65 /* ShopsTests.swift */,
				83DA965B1F65AA9D00F64C65 /* MadridShopsTests-Bridging-Header.h */,
			);
			path = MadridShopsTests;
			sourceTree = "<group>";
		};
		834AA7041F65B0FC00659D88 /* Interactors */ = {
			isa = PBXGroup;
			children = (
				831CFCFF1F6EEC6600B4A1C1 /* CacheInteractors */,
				83B8FD531F70625A00F3322D /* ExecuteOne */,
				834AA7051F65B1A200659D88 /* DownloadAllPlacesInteractor.swift */,
				834AA7071F65B6AA00659D88 /* DownloadAllPlacesInteractorFakeImpl.swift */,
				833E50EC1F673CBF000F83F7 /* DownloadPlacesInteractorNSOpImpl.swift */,
				8310AECB1F6868A7006B3480 /* DownloadAlPlacesInteractorNSUrlSession.swift */,
				834AA7091F65B6CF00659D88 /* TypeAlias.swift */,
			);
			path = Interactors;
			sourceTree = "<group>";
		};
		834AA70B1F65CB4B00659D88 /* Frameworks */ = {
			isa = PBXGroup;
			children = (
				831CFC1A1F6ED9B300B4A1C1 /* CoreData.framework */,
				834AA70C1F65CB4B00659D88 /* MapKit.framework */,
			);
			name = Frameworks;
			sourceTree = "<group>";
		};
		839C10611F699A4300414078 /* JSONParser */ = {
			isa = PBXGroup;
			children = (
				839C10621F699A7E00414078 /* JSONParser.swift */,
			);
			path = JSONParser;
			sourceTree = "<group>";
		};
		839C10641F699AA700414078 /* Util */ = {
			isa = PBXGroup;
			children = (
				831CFCFD1F6EDBCB00B4A1C1 /* CoreDataStack.swift */,
				839C10651F699AE900414078 /* String+Image.swift */,
				831CFD041F6EEF7000B4A1C1 /* NSManagedContext+Save.swift */,
				83DB2DCD1F7FB6CA00C86383 /* ImageFromLocation.swift */,
			);
			path = Util;
			sourceTree = "<group>";
		};
		83AE92631F77F02800674922 /* MapKit */ = {
			isa = PBXGroup;
			children = (
				83AE92641F77F04100674922 /* Annotation.swift */,
			);
			path = MapKit;
			sourceTree = "<group>";
		};
		83B8FD4C1F70535800F3322D /* Mappers */ = {
			isa = PBXGroup;
			children = (
				83B8FD4D1F70539800F3322D /* PlaceMapper.swift */,
			);
			path = Mappers;
			sourceTree = "<group>";
		};
		83B8FD531F70625A00F3322D /* ExecuteOne */ = {
			isa = PBXGroup;
			children = (
				83B8FD4F1F70615300F3322D /* ExecuteOnceInteractor.swift */,
				83B8FD511F70620400F3322D /* SetExecutedOnceInteractor.swift */,
				83B8FD541F7068C300F3322D /* SetExecutedOnceInteractorImpl.swift */,
				83B8FD561F7069D600F3322D /* ExecuteOnceInteractorImpl.swift */,
			);
			path = ExecuteOne;
			sourceTree = "<group>";
		};
		83DA96531F65A08500F64C65 /* Models */ = {
			isa = PBXGroup;
			children = (
				83AE92631F77F02800674922 /* MapKit */,
				83B8FD4C1F70535800F3322D /* Mappers */,
				839C10611F699A4300414078 /* JSONParser */,
				834AA7041F65B0FC00659D88 /* Interactors */,
				83DA96571F65A2C400F64C65 /* Place.swift */,
				83DA96591F65A4C600F64C65 /* Places.swift */,
				831CFC1C1F6ED9F700B4A1C1 /* MadridShops.xcdatamodeld */,
			);
			path = Models;
			sourceTree = "<group>";
		};
		83DA96541F65A08E00F64C65 /* Controllers */ = {
			isa = PBXGroup;
			children = (
				83A641151F671E43004D81AE /* MainViewController.swift */,
				831F76401F659E4300DA0656 /* PlacesViewController.swift */,
				834AA70E1F65CCC000659D88 /* PlacesViewController+CollectionViewController.swift */,
				83BB1DBD1F78114700666746 /* PlacesViewController+MapKit.swift */,
				8310AECD1F6872B4006B3480 /* PlaceDetailViewController.swift */,
			);
			path = Controllers;
			sourceTree = "<group>";
		};
		83DA96551F65A09D00F64C65 /* Views */ = {
			isa = PBXGroup;
			children = (
				831F76421F659E4400DA0656 /* Main.storyboard */,
				831F76471F659E4400DA0656 /* LaunchScreen.storyboard */,
				83525D151F65D3E000DC5BFC /* PlaceCollectionViewCell.swift */,
			);
			path = Views;
			sourceTree = "<group>";
		};
		83DA96561F65A0D200F64C65 /* Assets */ = {
			isa = PBXGroup;
			children = (
				831F76451F659E4400DA0656 /* Assets.xcassets */,
				83AE92671F78068E00674922 /* tienda_ico.png */,
				83AE92661F78068D00674922 /* tienda.png */,
			);
			path = Assets;
			sourceTree = "<group>";
		};
/* End PBXGroup section */

/* Begin PBXNativeTarget section */
		831F763A1F659E4300DA0656 /* MadridShops */ = {
			isa = PBXNativeTarget;
			buildConfigurationList = 831F76581F659E4500DA0656 /* Build configuration list for PBXNativeTarget "MadridShops" */;
			buildPhases = (
				831F76371F659E4300DA0656 /* Sources */,
				831F76381F659E4300DA0656 /* Frameworks */,
				831F76391F659E4300DA0656 /* Resources */,
			);
			buildRules = (
			);
			dependencies = (
			);
			name = MadridShops;
			productName = MadridShops;
			productReference = 831F763B1F659E4300DA0656 /* MadridShops.app */;
			productType = "com.apple.product-type.application";
		};
		831F764E1F659E4500DA0656 /* MadridShopsTests */ = {
			isa = PBXNativeTarget;
			buildConfigurationList = 831F765B1F659E4500DA0656 /* Build configuration list for PBXNativeTarget "MadridShopsTests" */;
			buildPhases = (
				831F764B1F659E4500DA0656 /* Sources */,
				831F764C1F659E4500DA0656 /* Frameworks */,
				831F764D1F659E4500DA0656 /* Resources */,
			);
			buildRules = (
			);
			dependencies = (
				831F76511F659E4500DA0656 /* PBXTargetDependency */,
			);
			name = MadridShopsTests;
			productName = MadridShopsTests;
			productReference = 831F764F1F659E4500DA0656 /* MadridShopsTests.xctest */;
			productType = "com.apple.product-type.bundle.unit-test";
		};
/* End PBXNativeTarget section */

/* Begin PBXProject section */
		831F76331F659E4300DA0656 /* Project object */ = {
			isa = PBXProject;
			attributes = {
				LastSwiftUpdateCheck = 0900;
				LastUpgradeCheck = 0900;
				ORGANIZATIONNAME = CCM;
				TargetAttributes = {
					831F763A1F659E4300DA0656 = {
						CreatedOnToolsVersion = 9.0;
						ProvisioningStyle = Automatic;
						SystemCapabilities = {
							com.apple.Maps.iOS = {
								enabled = 1;
							};
						};
					};
					831F764E1F659E4500DA0656 = {
						CreatedOnToolsVersion = 9.0;
						LastSwiftMigration = 0900;
						ProvisioningStyle = Automatic;
						TestTargetID = 831F763A1F659E4300DA0656;
					};
				};
			};
			buildConfigurationList = 831F76361F659E4300DA0656 /* Build configuration list for PBXProject "MadridShops" */;
			compatibilityVersion = "Xcode 8.0";
			developmentRegion = en;
			hasScannedForEncodings = 0;
			knownRegions = (
				en,
				Base,
				es,
			);
			mainGroup = 831F76321F659E4300DA0656;
			productRefGroup = 831F763C1F659E4300DA0656 /* Products */;
			projectDirPath = "";
			projectRoot = "";
			targets = (
				831F763A1F659E4300DA0656 /* MadridShops */,
				831F764E1F659E4500DA0656 /* MadridShopsTests */,
			);
		};
/* End PBXProject section */

/* Begin PBXResourcesBuildPhase section */
		831F76391F659E4300DA0656 /* Resources */ = {
			isa = PBXResourcesBuildPhase;
			buildActionMask = 2147483647;
			files = (
				83DB2DC91F7C0DAB00C86383 /* LocalizeStrings.strings in Resources */,
				831F76491F659E4400DA0656 /* LaunchScreen.storyboard in Resources */,
				831F76461F659E4400DA0656 /* Assets.xcassets in Resources */,
				831F76441F659E4400DA0656 /* Main.storyboard in Resources */,
			);
			runOnlyForDeploymentPostprocessing = 0;
		};
		831F764D1F659E4500DA0656 /* Resources */ = {
			isa = PBXResourcesBuildPhase;
			buildActionMask = 2147483647;
			files = (
			);
			runOnlyForDeploymentPostprocessing = 0;
		};
/* End PBXResourcesBuildPhase section */

/* Begin PBXSourcesBuildPhase section */
		831F76371F659E4300DA0656 /* Sources */ = {
			isa = PBXSourcesBuildPhase;
			buildActionMask = 2147483647;
			files = (
				83525D161F65D3E000DC5BFC /* PlaceCollectionViewCell.swift in Sources */,
				833E50ED1F673CBF000F83F7 /* DownloadPlacesInteractorNSOpImpl.swift in Sources */,
				83B8FD501F70615300F3322D /* ExecuteOnceInteractor.swift in Sources */,
				839C10631F699A8000414078 /* JSONParser.swift in Sources */,
				83AE92651F77F04100674922 /* Annotation.swift in Sources */,
				831CFD011F6EECD200B4A1C1 /* SaveAllPlacesInteractor.swift in Sources */,
				83B8FD4E1F70539800F3322D /* PlaceMapper.swift in Sources */,
				83DA96581F65A2C400F64C65 /* Place.swift in Sources */,
				831F76411F659E4300DA0656 /* PlacesViewController.swift in Sources */,
				831CFD031F6EED9A00B4A1C1 /* SaveAllPlacesInteractorImpl.swift in Sources */,
				8310AECC1F6868A7006B3480 /* DownloadAlPlacesInteractorNSUrlSession.swift in Sources */,
				834AA70A1F65B6CF00659D88 /* TypeAlias.swift in Sources */,
				83B8FD551F7068C300F3322D /* SetExecutedOnceInteractorImpl.swift in Sources */,
				831F763F1F659E4300DA0656 /* AppDelegate.swift in Sources */,
				83DA965A1F65A4C600F64C65 /* Places.swift in Sources */,
				834AA70F1F65CCC000659D88 /* PlacesViewController+CollectionViewController.swift in Sources */,
				83BB1DBE1F78114700666746 /* PlacesViewController+MapKit.swift in Sources */,
				834AA7061F65B1A200659D88 /* DownloadAllPlacesInteractor.swift in Sources */,
				8310AECE1F6872B4006B3480 /* PlaceDetailViewController.swift in Sources */,
				83B8FD521F70620400F3322D /* SetExecutedOnceInteractor.swift in Sources */,
				831CFCFE1F6EDBCB00B4A1C1 /* CoreDataStack.swift in Sources */,
				831CFD051F6EEF7000B4A1C1 /* NSManagedContext+Save.swift in Sources */,
				83DB2DCE1F7FB6CA00C86383 /* ImageFromLocation.swift in Sources */,
				83B8FD571F7069D600F3322D /* ExecuteOnceInteractorImpl.swift in Sources */,
				834AA7081F65B6AA00659D88 /* DownloadAllPlacesInteractorFakeImpl.swift in Sources */,
				83A641161F671E43004D81AE /* MainViewController.swift in Sources */,
				831CFC1E1F6ED9F700B4A1C1 /* MadridShops.xcdatamodeld in Sources */,
				839C10661F699AE900414078 /* String+Image.swift in Sources */,
			);
			runOnlyForDeploymentPostprocessing = 0;
		};
		831F764B1F659E4500DA0656 /* Sources */ = {
			isa = PBXSourcesBuildPhase;
			buildActionMask = 2147483647;
			files = (
				83DA965D1F65AA9E00F64C65 /* ShopsTests.swift in Sources */,
			);
			runOnlyForDeploymentPostprocessing = 0;
		};
/* End PBXSourcesBuildPhase section */

/* Begin PBXTargetDependency section */
		831F76511F659E4500DA0656 /* PBXTargetDependency */ = {
			isa = PBXTargetDependency;
			target = 831F763A1F659E4300DA0656 /* MadridShops */;
			targetProxy = 831F76501F659E4500DA0656 /* PBXContainerItemProxy */;
		};
/* End PBXTargetDependency section */

/* Begin PBXVariantGroup section */
		831F76421F659E4400DA0656 /* Main.storyboard */ = {
			isa = PBXVariantGroup;
			children = (
				831F76431F659E4400DA0656 /* Base */,
				83DB2DC51F7C0C6D00C86383 /* es */,
			);
			name = Main.storyboard;
			sourceTree = "<group>";
		};
		831F76471F659E4400DA0656 /* LaunchScreen.storyboard */ = {
			isa = PBXVariantGroup;
			children = (
				831F76481F659E4400DA0656 /* Base */,
				83DB2DC61F7C0C6D00C86383 /* es */,
			);
			name = LaunchScreen.storyboard;
			sourceTree = "<group>";
		};
		83DB2DCB1F7C0DAB00C86383 /* LocalizeStrings.strings */ = {
			isa = PBXVariantGroup;
			children = (
				83DB2DCC1F7C0DB300C86383 /* es */,
			);
			name = LocalizeStrings.strings;
			sourceTree = "<group>";
		};
/* End PBXVariantGroup section */

/* Begin XCBuildConfiguration section */
		831F76561F659E4500DA0656 /* Debug */ = {
			isa = XCBuildConfiguration;
			buildSettings = {
				ALWAYS_SEARCH_USER_PATHS = NO;
				CLANG_ANALYZER_LOCALIZABILITY_NONLOCALIZED = YES;
				CLANG_ANALYZER_NONNULL = YES;
				CLANG_ANALYZER_NUMBER_OBJECT_CONVERSION = YES_AGGRESSIVE;
				CLANG_CXX_LANGUAGE_STANDARD = "gnu++14";
				CLANG_CXX_LIBRARY = "libc++";
				CLANG_ENABLE_MODULES = YES;
				CLANG_ENABLE_OBJC_ARC = YES;
				CLANG_WARN_BLOCK_CAPTURE_AUTORELEASING = YES;
				CLANG_WARN_BOOL_CONVERSION = YES;
				CLANG_WARN_COMMA = YES;
				CLANG_WARN_CONSTANT_CONVERSION = YES;
				CLANG_WARN_DIRECT_OBJC_ISA_USAGE = YES_ERROR;
				CLANG_WARN_DOCUMENTATION_COMMENTS = YES;
				CLANG_WARN_EMPTY_BODY = YES;
				CLANG_WARN_ENUM_CONVERSION = YES;
				CLANG_WARN_INFINITE_RECURSION = YES;
				CLANG_WARN_INT_CONVERSION = YES;
				CLANG_WARN_NON_LITERAL_NULL_CONVERSION = YES;
				CLANG_WARN_OBJC_LITERAL_CONVERSION = YES;
				CLANG_WARN_OBJC_ROOT_CLASS = YES_ERROR;
				CLANG_WARN_RANGE_LOOP_ANALYSIS = YES;
				CLANG_WARN_STRICT_PROTOTYPES = YES;
				CLANG_WARN_SUSPICIOUS_MOVE = YES;
				CLANG_WARN_UNGUARDED_AVAILABILITY = YES_AGGRESSIVE;
				CLANG_WARN_UNREACHABLE_CODE = YES;
				CLANG_WARN__DUPLICATE_METHOD_MATCH = YES;
				CODE_SIGN_IDENTITY = "iPhone Developer";
				COPY_PHASE_STRIP = NO;
				DEBUG_INFORMATION_FORMAT = dwarf;
				ENABLE_STRICT_OBJC_MSGSEND = YES;
				ENABLE_TESTABILITY = YES;
				GCC_C_LANGUAGE_STANDARD = gnu11;
				GCC_DYNAMIC_NO_PIC = NO;
				GCC_NO_COMMON_BLOCKS = YES;
				GCC_OPTIMIZATION_LEVEL = 0;
				GCC_PREPROCESSOR_DEFINITIONS = (
					"DEBUG=1",
					"$(inherited)",
				);
				GCC_WARN_64_TO_32_BIT_CONVERSION = YES;
				GCC_WARN_ABOUT_RETURN_TYPE = YES_ERROR;
				GCC_WARN_UNDECLARED_SELECTOR = YES;
				GCC_WARN_UNINITIALIZED_AUTOS = YES_AGGRESSIVE;
				GCC_WARN_UNUSED_FUNCTION = YES;
				GCC_WARN_UNUSED_VARIABLE = YES;
				IPHONEOS_DEPLOYMENT_TARGET = 10.0;
				MTL_ENABLE_DEBUG_INFO = YES;
				ONLY_ACTIVE_ARCH = YES;
				SDKROOT = iphoneos;
				SWIFT_ACTIVE_COMPILATION_CONDITIONS = DEBUG;
				SWIFT_OPTIMIZATION_LEVEL = "-Onone";
			};
			name = Debug;
		};
		831F76571F659E4500DA0656 /* Release */ = {
			isa = XCBuildConfiguration;
			buildSettings = {
				ALWAYS_SEARCH_USER_PATHS = NO;
				CLANG_ANALYZER_LOCALIZABILITY_NONLOCALIZED = YES;
				CLANG_ANALYZER_NONNULL = YES;
				CLANG_ANALYZER_NUMBER_OBJECT_CONVERSION = YES_AGGRESSIVE;
				CLANG_CXX_LANGUAGE_STANDARD = "gnu++14";
				CLANG_CXX_LIBRARY = "libc++";
				CLANG_ENABLE_MODULES = YES;
				CLANG_ENABLE_OBJC_ARC = YES;
				CLANG_WARN_BLOCK_CAPTURE_AUTORELEASING = YES;
				CLANG_WARN_BOOL_CONVERSION = YES;
				CLANG_WARN_COMMA = YES;
				CLANG_WARN_CONSTANT_CONVERSION = YES;
				CLANG_WARN_DIRECT_OBJC_ISA_USAGE = YES_ERROR;
				CLANG_WARN_DOCUMENTATION_COMMENTS = YES;
				CLANG_WARN_EMPTY_BODY = YES;
				CLANG_WARN_ENUM_CONVERSION = YES;
				CLANG_WARN_INFINITE_RECURSION = YES;
				CLANG_WARN_INT_CONVERSION = YES;
				CLANG_WARN_NON_LITERAL_NULL_CONVERSION = YES;
				CLANG_WARN_OBJC_LITERAL_CONVERSION = YES;
				CLANG_WARN_OBJC_ROOT_CLASS = YES_ERROR;
				CLANG_WARN_RANGE_LOOP_ANALYSIS = YES;
				CLANG_WARN_STRICT_PROTOTYPES = YES;
				CLANG_WARN_SUSPICIOUS_MOVE = YES;
				CLANG_WARN_UNGUARDED_AVAILABILITY = YES_AGGRESSIVE;
				CLANG_WARN_UNREACHABLE_CODE = YES;
				CLANG_WARN__DUPLICATE_METHOD_MATCH = YES;
				CODE_SIGN_IDENTITY = "iPhone Developer";
				COPY_PHASE_STRIP = NO;
				DEBUG_INFORMATION_FORMAT = "dwarf-with-dsym";
				ENABLE_NS_ASSERTIONS = NO;
				ENABLE_STRICT_OBJC_MSGSEND = YES;
				GCC_C_LANGUAGE_STANDARD = gnu11;
				GCC_NO_COMMON_BLOCKS = YES;
				GCC_WARN_64_TO_32_BIT_CONVERSION = YES;
				GCC_WARN_ABOUT_RETURN_TYPE = YES_ERROR;
				GCC_WARN_UNDECLARED_SELECTOR = YES;
				GCC_WARN_UNINITIALIZED_AUTOS = YES_AGGRESSIVE;
				GCC_WARN_UNUSED_FUNCTION = YES;
				GCC_WARN_UNUSED_VARIABLE = YES;
				IPHONEOS_DEPLOYMENT_TARGET = 10.0;
				MTL_ENABLE_DEBUG_INFO = NO;
				SDKROOT = iphoneos;
				SWIFT_OPTIMIZATION_LEVEL = "-Owholemodule";
				VALIDATE_PRODUCT = YES;
			};
			name = Release;
		};
		831F76591F659E4500DA0656 /* Debug */ = {
			isa = XCBuildConfiguration;
			buildSettings = {
				ASSETCATALOG_COMPILER_APPICON_NAME = AppIcon;
				CODE_SIGN_STYLE = Automatic;
				INFOPLIST_FILE = MadridShops/Info.plist;
				LD_RUNPATH_SEARCH_PATHS = "$(inherited) @executable_path/Frameworks";
				PRODUCT_BUNDLE_IDENTIFIER = es.carolinacalvo.MadridShops;
				PRODUCT_NAME = "$(TARGET_NAME)";
				SWIFT_VERSION = 4.0;
				TARGETED_DEVICE_FAMILY = "1,2";
			};
			name = Debug;
		};
		831F765A1F659E4500DA0656 /* Release */ = {
			isa = XCBuildConfiguration;
			buildSettings = {
				ASSETCATALOG_COMPILER_APPICON_NAME = AppIcon;
				CODE_SIGN_STYLE = Automatic;
				INFOPLIST_FILE = MadridShops/Info.plist;
				LD_RUNPATH_SEARCH_PATHS = "$(inherited) @executable_path/Frameworks";
				PRODUCT_BUNDLE_IDENTIFIER = es.carolinacalvo.MadridShops;
				PRODUCT_NAME = "$(TARGET_NAME)";
				SWIFT_VERSION = 4.0;
				TARGETED_DEVICE_FAMILY = "1,2";
			};
			name = Release;
		};
		831F765C1F659E4500DA0656 /* Debug */ = {
			isa = XCBuildConfiguration;
			buildSettings = {
				ALWAYS_EMBED_SWIFT_STANDARD_LIBRARIES = YES;
				BUNDLE_LOADER = "$(TEST_HOST)";
				CLANG_ENABLE_MODULES = YES;
				CODE_SIGN_STYLE = Automatic;
				INFOPLIST_FILE = MadridShopsTests/Info.plist;
				LD_RUNPATH_SEARCH_PATHS = "$(inherited) @executable_path/Frameworks @loader_path/Frameworks";
				PRODUCT_BUNDLE_IDENTIFIER = es.carolinacalvo.MadridShopsTests;
				PRODUCT_NAME = "$(TARGET_NAME)";
				SWIFT_OBJC_BRIDGING_HEADER = "MadridShopsTests/MadridShopsTests-Bridging-Header.h";
				SWIFT_OPTIMIZATION_LEVEL = "-Onone";
				SWIFT_VERSION = 4.0;
				TARGETED_DEVICE_FAMILY = "1,2";
				TEST_HOST = "$(BUILT_PRODUCTS_DIR)/MadridShops.app/MadridShops";
			};
			name = Debug;
		};
		831F765D1F659E4500DA0656 /* Release */ = {
			isa = XCBuildConfiguration;
			buildSettings = {
				ALWAYS_EMBED_SWIFT_STANDARD_LIBRARIES = YES;
				BUNDLE_LOADER = "$(TEST_HOST)";
				CLANG_ENABLE_MODULES = YES;
				CODE_SIGN_STYLE = Automatic;
				INFOPLIST_FILE = MadridShopsTests/Info.plist;
				LD_RUNPATH_SEARCH_PATHS = "$(inherited) @executable_path/Frameworks @loader_path/Frameworks";
				PRODUCT_BUNDLE_IDENTIFIER = es.carolinacalvo.MadridShopsTests;
				PRODUCT_NAME = "$(TARGET_NAME)";
				SWIFT_OBJC_BRIDGING_HEADER = "MadridShopsTests/MadridShopsTests-Bridging-Header.h";
				SWIFT_VERSION = 4.0;
				TARGETED_DEVICE_FAMILY = "1,2";
				TEST_HOST = "$(BUILT_PRODUCTS_DIR)/MadridShops.app/MadridShops";
			};
			name = Release;
		};
/* End XCBuildConfiguration section */

/* Begin XCConfigurationList section */
		831F76361F659E4300DA0656 /* Build configuration list for PBXProject "MadridShops" */ = {
			isa = XCConfigurationList;
			buildConfigurations = (
				831F76561F659E4500DA0656 /* Debug */,
				831F76571F659E4500DA0656 /* Release */,
			);
			defaultConfigurationIsVisible = 0;
			defaultConfigurationName = Release;
		};
		831F76581F659E4500DA0656 /* Build configuration list for PBXNativeTarget "MadridShops" */ = {
			isa = XCConfigurationList;
			buildConfigurations = (
				831F76591F659E4500DA0656 /* Debug */,
				831F765A1F659E4500DA0656 /* Release */,
			);
			defaultConfigurationIsVisible = 0;
			defaultConfigurationName = Release;
		};
		831F765B1F659E4500DA0656 /* Build configuration list for PBXNativeTarget "MadridShopsTests" */ = {
			isa = XCConfigurationList;
			buildConfigurations = (
				831F765C1F659E4500DA0656 /* Debug */,
				831F765D1F659E4500DA0656 /* Release */,
			);
			defaultConfigurationIsVisible = 0;
			defaultConfigurationName = Release;
		};
/* End XCConfigurationList section */

/* Begin XCVersionGroup section */
		831CFC1C1F6ED9F700B4A1C1 /* MadridShops.xcdatamodeld */ = {
			isa = XCVersionGroup;
			children = (
				831CFC1D1F6ED9F700B4A1C1 /* MadridShops.xcdatamodel */,
			);
			currentVersion = 831CFC1D1F6ED9F700B4A1C1 /* MadridShops.xcdatamodel */;
			path = MadridShops.xcdatamodeld;
			sourceTree = "<group>";
			versionGroupType = wrapper.xcdatamodel;
		};
/* End XCVersionGroup section */
	};
	rootObject = 831F76331F659E4300DA0656 /* Project object */;
}
